
Microsoft Visual Studio Solution File, Format Version 12.00
Project("{FAE04EC0-301F-11D3-BF4B-00C04F79EFBC}") = "stem-tools", "stem-tools\stem-tools.csproj", "{9FF8B041-4859-4DE9-96D2-B23C9CE2177D}"
EndProject
Global
	GlobalSection(SolutionConfigurationPlatforms) = preSolution
		Debug|Any CPU = Debug|Any CPU
		Release|Any CPU = Release|Any CPU
	EndGlobalSection
	GlobalSection(ProjectConfigurationPlatforms) = postSolution
		{9FF8B041-4859-4DE9-96D2-B23C9CE2177D}.Debug|Any CPU.ActiveCfg = Debug|Any CPU
		{9FF8B041-4859-4DE9-96D2-B23C9CE2177D}.Debug|Any CPU.Build.0 = Debug|Any CPU
		{9FF8B041-4859-4DE9-96D2-B23C9CE2177D}.Release|Any CPU.ActiveCfg = Release|Any CPU
		{9FF8B041-4859-4DE9-96D2-B23C9CE2177D}.Release|Any CPU.Build.0 = Release|Any CPU
	EndGlobalSection
EndGlobal
